// !$*UTF8*$!
{
	archiveVersion = 1;
	classes = {
	};
	objectVersion = 55;
	objects = {

/* Begin PBXBuildFile section */
		3E4F364D271B04B2004D7F52 /* AppDelegate.swift in Sources */ = {isa = PBXBuildFile; fileRef = 3E4F364C271B04B2004D7F52 /* AppDelegate.swift */; };
		3E4F364F271B04B2004D7F52 /* SceneDelegate.swift in Sources */ = {isa = PBXBuildFile; fileRef = 3E4F364E271B04B2004D7F52 /* SceneDelegate.swift */; };
		3E4F3651271B04B2004D7F52 /* ViewController.swift in Sources */ = {isa = PBXBuildFile; fileRef = 3E4F3650271B04B2004D7F52 /* ViewController.swift */; };
		3E4F3654271B04B2004D7F52 /* Main.storyboard in Resources */ = {isa = PBXBuildFile; fileRef = 3E4F3652271B04B2004D7F52 /* Main.storyboard */; };
		3E4F3656271B04B3004D7F52 /* Assets.xcassets in Resources */ = {isa = PBXBuildFile; fileRef = 3E4F3655271B04B3004D7F52 /* Assets.xcassets */; };
		3E4F3659271B04B3004D7F52 /* LaunchScreen.storyboard in Resources */ = {isa = PBXBuildFile; fileRef = 3E4F3657271B04B3004D7F52 /* LaunchScreen.storyboard */; };
		B48CBF844AA934AEFC03E9C5 /* Pods_ImageSlideShow_Tutorial.framework in Frameworks */ = {isa = PBXBuildFile; fileRef = 2F3D70CAF7A0C57444EE0525 /* Pods_ImageSlideShow_Tutorial.framework */; };
/* End PBXBuildFile section */

/* Begin PBXFileReference section */
		09E5E5B78E032DF6A3E1F9B2 /* Pods-ImageSlideShow_Tutorial.debug.xcconfig */ = {isa = PBXFileReference; includeInIndex = 1; lastKnownFileType = text.xcconfig; name = "Pods-ImageSlideShow_Tutorial.debug.xcconfig"; path = "Target Support Files/Pods-ImageSlideShow_Tutorial/Pods-ImageSlideShow_Tutorial.debug.xcconfig"; sourceTree = "<group>"; };
		1568BB82DD423839E4FF7C2C /* Pods-ImageSlideShow_Tutorial.release.xcconfig */ = {isa = PBXFileReference; includeInIndex = 1; lastKnownFileType = text.xcconfig; name = "Pods-ImageSlideShow_Tutorial.release.xcconfig"; path = "Target Support Files/Pods-ImageSlideShow_Tutorial/Pods-ImageSlideShow_Tutorial.release.xcconfig"; sourceTree = "<group>"; };
		2F3D70CAF7A0C57444EE0525 /* Pods_ImageSlideShow_Tutorial.framework */ = {isa = PBXFileReference; explicitFileType = wrapper.framework; includeInIndex = 0; path = Pods_ImageSlideShow_Tutorial.framework; sourceTree = BUILT_PRODUCTS_DIR; };
		3E4F3649271B04B2004D7F52 /* ImageSlideShow_Tutorial.app */ = {isa = PBXFileReference; explicitFileType = wrapper.application; includeInIndex = 0; path = ImageSlideShow_Tutorial.app; sourceTree = BUILT_PRODUCTS_DIR; };
		3E4F364C271B04B2004D7F52 /* AppDelegate.swift */ = {isa = PBXFileReference; lastKnownFileType = sourcecode.swift; path = AppDelegate.swift; sourceTree = "<group>"; };
		3E4F364E271B04B2004D7F52 /* SceneDelegate.swift */ = {isa = PBXFileReference; lastKnownFileType = sourcecode.swift; path = SceneDelegate.swift; sourceTree = "<group>"; };
		3E4F3650271B04B2004D7F52 /* ViewController.swift */ = {isa = PBXFileReference; lastKnownFileType = sourcecode.swift; path = ViewController.swift; sourceTree = "<group>"; };
		3E4F3653271B04B2004D7F52 /* Base */ = {isa = PBXFileReference; lastKnownFileType = file.storyboard; name = Base; path = Base.lproj/Main.storyboard; sourceTree = "<group>"; };
		3E4F3655271B04B3004D7F52 /* Assets.xcassets */ = {isa = PBXFileReference; lastKnownFileType = folder.assetcatalog; path = Assets.xcassets; sourceTree = "<group>"; };
		3E4F3658271B04B3004D7F52 /* Base */ = {isa = PBXFileReference; lastKnownFileType = file.storyboard; name = Base; path = Base.lproj/LaunchScreen.storyboard; sourceTree = "<group>"; };
		3E4F365A271B04B3004D7F52 /* Info.plist */ = {isa = PBXFileReference; lastKnownFileType = text.plist.xml; path = Info.plist; sourceTree = "<group>"; };
/* End PBXFileReference section */

/* Begin PBXFrameworksBuildPhase section */
		3E4F3646271B04B2004D7F52 /* Frameworks */ = {
			isa = PBXFrameworksBuildPhase;
			buildActionMask = 2147483647;
			files = (
				B48CBF844AA934AEFC03E9C5 /* Pods_ImageSlideShow_Tutorial.framework in Frameworks */,
			);
			runOnlyForDeploymentPostprocessing = 0;
		};
/* End PBXFrameworksBuildPhase section */

/* Begin PBXGroup section */
		3E4F3640271B04B2004D7F52 = {
			isa = PBXGroup;
			children = (
				3E4F364B271B04B2004D7F52 /* ImageSlideShow_Tutorial */,
				3E4F364A271B04B2004D7F52 /* Products */,
				D91076AA190E6755B4AE6E06 /* Pods */,
				F97E5BE329E240DCF95976DE /* Frameworks */,
			);
			sourceTree = "<group>";
		};
		3E4F364A271B04B2004D7F52 /* Products */ = {
			isa = PBXGroup;
			children = (
				3E4F3649271B04B2004D7F52 /* ImageSlideShow_Tutorial.app */,
			);
			name = Products;
			sourceTree = "<group>";
		};
		3E4F364B271B04B2004D7F52 /* ImageSlideShow_Tutorial */ = {
			isa = PBXGroup;
			children = (
				3E4F364C271B04B2004D7F52 /* AppDelegate.swift */,
				3E4F364E271B04B2004D7F52 /* SceneDelegate.swift */,
				3E4F3650271B04B2004D7F52 /* ViewController.swift */,
				3E4F3652271B04B2004D7F52 /* Main.storyboard */,
				3E4F3655271B04B3004D7F52 /* Assets.xcassets */,
				3E4F3657271B04B3004D7F52 /* LaunchScreen.storyboard */,
				3E4F365A271B04B3004D7F52 /* Info.plist */,
			);
			path = ImageSlideShow_Tutorial;
			sourceTree = "<group>";
		};
		D91076AA190E6755B4AE6E06 /* Pods */ = {
			isa = PBXGroup;
			children = (
				09E5E5B78E032DF6A3E1F9B2 /* Pods-ImageSlideShow_Tutorial.debug.xcconfig */,
				1568BB82DD423839E4FF7C2C /* Pods-ImageSlideShow_Tutorial.release.xcconfig */,
			);
			name = Pods;
			path = Pods;
			sourceTree = "<group>";
		};
		F97E5BE329E240DCF95976DE /* Frameworks */ = {
			isa = PBXGroup;
			children = (
				2F3D70CAF7A0C57444EE0525 /* Pods_ImageSlideShow_Tutorial.framework */,
			);
			name = Frameworks;
			sourceTree = "<group>";
		};
/* End PBXGroup section */

/* Begin PBXNativeTarget section */
		3E4F3648271B04B2004D7F52 /* ImageSlideShow_Tutorial */ = {
			isa = PBXNativeTarget;
			buildConfigurationList = 3E4F365D271B04B3004D7F52 /* Build configuration list for PBXNativeTarget "ImageSlideShow_Tutorial" */;
			buildPhases = (
				AC62B4BC0592D3BFC5F37B26 /* [CP] Check Pods Manifest.lock */,
				3E4F3645271B04B2004D7F52 /* Sources */,
				3E4F3646271B04B2004D7F52 /* Frameworks */,
				3E4F3647271B04B2004D7F52 /* Resources */,
				0CF3766AEC263F9CAD5E01C1 /* [CP] Embed Pods Frameworks */,
			);
			buildRules = (
			);
			dependencies = (
			);
			name = ImageSlideShow_Tutorial;
			productName = ImageSlideShow_Tutorial;
			productReference = 3E4F3649271B04B2004D7F52 /* ImageSlideShow_Tutorial.app */;
			productType = "com.apple.product-type.application";
		};
/* End PBXNativeTarget section */

/* Begin PBXProject section */
		3E4F3641271B04B2004D7F52 /* Project object */ = {
			isa = PBXProject;
			attributes = {
				BuildIndependentTargetsInParallel = 1;
				LastSwiftUpdateCheck = 1300;
				LastUpgradeCheck = 1300;
				TargetAttributes = {
					3E4F3648271B04B2004D7F52 = {
						CreatedOnToolsVersion = 13.0;
					};
				};
			};
			buildConfigurationList = 3E4F3644271B04B2004D7F52 /* Build configuration list for PBXProject "ImageSlideShow_Tutorial" */;
			compatibilityVersion = "Xcode 13.0";
			developmentRegion = en;
			hasScannedForEncodings = 0;
			knownRegions = (
				en,
				Base,
			);
			mainGroup = 3E4F3640271B04B2004D7F52;
			productRefGroup = 3E4F364A271B04B2004D7F52 /* Products */;
			projectDirPath = "";
			projectRoot = "";
			targets = (
				3E4F3648271B04B2004D7F52 /* ImageSlideShow_Tutorial */,
			);
		};
/* End PBXProject section */

/* Begin PBXResourcesBuildPhase section */
		3E4F3647271B04B2004D7F52 /* Resources */ = {
			isa = PBXResourcesBuildPhase;
			buildActionMask = 2147483647;
			files = (
				3E4F3659271B04B3004D7F52 /* LaunchScreen.storyboard in Resources */,
				3E4F3656271B04B3004D7F52 /* Assets.xcassets in Resources */,
				3E4F3654271B04B2004D7F52 /* Main.storyboard in Resources */,
			);
			runOnlyForDeploymentPostprocessing = 0;
		};
/* End PBXResourcesBuildPhase section */

/* Begin PBXShellScriptBuildPhase section */
		0CF3766AEC263F9CAD5E01C1 /* [CP] Embed Pods Frameworks */ = {
			isa = PBXShellScriptBuildPhase;
			buildActionMask = 2147483647;
			files = (
			);
			inputFileListPaths = (
				"${PODS_ROOT}/Target Support Files/Pods-ImageSlideShow_Tutorial/Pods-ImageSlideShow_Tutorial-frameworks-${CONFIGURATION}-input-files.xcfilelist",
			);
			name = "[CP] Embed Pods Frameworks";
			outputFileListPaths = (
				"${PODS_ROOT}/Target Support Files/Pods-ImageSlideShow_Tutorial/Pods-ImageSlideShow_Tutorial-frameworks-${CONFIGURATION}-output-files.xcfilelist",
			);
			runOnlyForDeploymentPostprocessing = 0;
			shellPath = /bin/sh;
			shellScript = "\"${PODS_ROOT}/Target Support Files/Pods-ImageSlideShow_Tutorial/Pods-ImageSlideShow_Tutorial-frameworks.sh\"\n";
			showEnvVarsInLog = 0;
		};
		AC62B4BC0592D3BFC5F37B26 /* [CP] Check Pods Manifest.lock */ = {
			isa = PBXShellScriptBuildPhase;
			buildActionMask = 2147483647;
			files = (
			);
			inputFileListPaths = (
			);
			inputPaths = (
				"${PODS_PODFILE_DIR_PATH}/Podfile.lock",
				"${PODS_ROOT}/Manifest.lock",
			);
			name = "[CP] Check Pods Manifest.lock";
			outputFileListPaths = (
			);
			outputPaths = (
				"$(DERIVED_FILE_DIR)/Pods-ImageSlideShow_Tutorial-checkManifestLockResult.txt",
			);
			runOnlyForDeploymentPostprocessing = 0;
			shellPath = /bin/sh;
			shellScript = "diff \"${PODS_PODFILE_DIR_PATH}/Podfile.lock\" \"${PODS_ROOT}/Manifest.lock\" > /dev/null\nif [ $? != 0 ] ; then\n    # print error to STDERR\n    echo \"error: The sandbox is not in sync with the Podfile.lock. Run 'pod install' or update your CocoaPods installation.\" >&2\n    exit 1\nfi\n# This output is used by Xcode 'outputs' to avoid re-running this script phase.\necho \"SUCCESS\" > \"${SCRIPT_OUTPUT_FILE_0}\"\n";
			showEnvVarsInLog = 0;
		};
/* End PBXShellScriptBuildPhase section */

/* Begin PBXSourcesBuildPhase section */
		3E4F3645271B04B2004D7F52 /* Sources */ = {
			isa = PBXSourcesBuildPhase;
			buildActionMask = 2147483647;
			files = (
				3E4F3651271B04B2004D7F52 /* ViewController.swift in Sources */,
				3E4F364D271B04B2004D7F52 /* AppDelegate.swift in Sources */,
				3E4F364F271B04B2004D7F52 /* SceneDelegate.swift in Sources */,
			);
			runOnlyForDeploymentPostprocessing = 0;
		};
/* End PBXSourcesBuildPhase section */

/* Begin PBXVariantGroup section */
		3E4F3652271B04B2004D7F52 /* Main.storyboard */ = {
			isa = PBXVariantGroup;
			children = (
				3E4F3653271B04B2004D7F52 /* Base */,
			);
			name = Main.storyboard;
			sourceTree = "<group>";
		};
		3E4F3657271B04B3004D7F52 /* LaunchScreen.storyboard */ = {
			isa = PBXVariantGroup;
			children = (
				3E4F3658271B04B3004D7F52 /* Base */,
			);
			name = LaunchScreen.storyboard;
			sourceTree = "<group>";
		};
/* End PBXVariantGroup section */

/* Begin XCBuildConfiguration section */
		3E4F365B271B04B3004D7F52 /* Debug */ = {
			isa = XCBuildConfiguration;
			buildSettings = {
				ALWAYS_SEARCH_USER_PATHS = NO;
				CLANG_ANALYZER_NONNULL = YES;
				CLANG_ANALYZER_NUMBER_OBJECT_CONVERSION = YES_AGGRESSIVE;
				CLANG_CXX_LANGUAGE_STANDARD = "gnu++17";
				CLANG_CXX_LIBRARY = "libc++";
				CLANG_ENABLE_MODULES = YES;
				CLANG_ENABLE_OBJC_ARC = YES;
				CLANG_ENABLE_OBJC_WEAK = YES;
				CLANG_WARN_BLOCK_CAPTURE_AUTORELEASING = YES;
				CLANG_WARN_BOOL_CONVERSION = YES;
				CLANG_WARN_COMMA = YES;
				CLANG_WARN_CONSTANT_CONVERSION = YES;
				CLANG_WARN_DEPRECATED_OBJC_IMPLEMENTATIONS = YES;
				CLANG_WARN_DIRECT_OBJC_ISA_USAGE = YES_ERROR;
				CLANG_WARN_DOCUMENTATION_COMMENTS = YES;
				CLANG_WARN_EMPTY_BODY = YES;
				CLANG_WARN_ENUM_CONVERSION = YES;
				CLANG_WARN_INFINITE_RECURSION = YES;
				CLANG_WARN_INT_CONVERSION = YES;
				CLANG_WARN_NON_LITERAL_NULL_CONVERSION = YES;
				CLANG_WARN_OBJC_IMPLICIT_RETAIN_SELF = YES;
				CLANG_WARN_OBJC_LITERAL_CONVERSION = YES;
				CLANG_WARN_OBJC_ROOT_CLASS = YES_ERROR;
				CLANG_WARN_QUOTED_INCLUDE_IN_FRAMEWORK_HEADER = YES;
				CLANG_WARN_RANGE_LOOP_ANALYSIS = YES;
				CLANG_WARN_STRICT_PROTOTYPES = YES;
				CLANG_WARN_SUSPICIOUS_MOVE = YES;
				CLANG_WARN_UNGUARDED_AVAILABILITY = YES_AGGRESSIVE;
				CLANG_WARN_UNREACHABLE_CODE = YES;
				CLANG_WARN__DUPLICATE_METHOD_MATCH = YES;
				COPY_PHASE_STRIP = NO;
				DEBUG_INFORMATION_FORMAT = dwarf;
				ENABLE_STRICT_OBJC_MSGSEND = YES;
				ENABLE_TESTABILITY = YES;
				GCC_C_LANGUAGE_STANDARD = gnu11;
				GCC_DYNAMIC_NO_PIC = NO;
				GCC_NO_COMMON_BLOCKS = YES;
				GCC_OPTIMIZATION_LEVEL = 0;
				GCC_PREPROCESSOR_DEFINITIONS = (
					"DEBUG=1",
					"$(inherited)",
				);
				GCC_WARN_64_TO_32_BIT_CONVERSION = YES;
				GCC_WARN_ABOUT_RETURN_TYPE = YES_ERROR;
				GCC_WARN_UNDECLARED_SELECTOR = YES;
				GCC_WARN_UNINITIALIZED_AUTOS = YES_AGGRESSIVE;
				GCC_WARN_UNUSED_FUNCTION = YES;
				GCC_WARN_UNUSED_VARIABLE = YES;
				IPHONEOS_DEPLOYMENT_TARGET = 15.0;
				MTL_ENABLE_DEBUG_INFO = INCLUDE_SOURCE;
				MTL_FAST_MATH = YES;
				ONLY_ACTIVE_ARCH = YES;
				SDKROOT = iphoneos;
				SWIFT_ACTIVE_COMPILATION_CONDITIONS = DEBUG;
				SWIFT_OPTIMIZATION_LEVEL = "-Onone";
			};
			name = Debug;
		};
		3E4F365C271B04B3004D7F52 /* Release */ = {
			isa = XCBuildConfiguration;
			buildSettings = {
				ALWAYS_SEARCH_USER_PATHS = NO;
				CLANG_ANALYZER_NONNULL = YES;
				CLANG_ANALYZER_NUMBER_OBJECT_CONVERSION = YES_AGGRESSIVE;
				CLANG_CXX_LANGUAGE_STANDARD = "gnu++17";
				CLANG_CXX_LIBRARY = "libc++";
				CLANG_ENABLE_MODULES = YES;
				CLANG_ENABLE_OBJC_ARC = YES;
				CLANG_ENABLE_OBJC_WEAK = YES;
				CLANG_WARN_BLOCK_CAPTURE_AUTORELEASING = YES;
				CLANG_WARN_BOOL_CONVERSION = YES;
				CLANG_WARN_COMMA = YES;
				CLANG_WARN_CONSTANT_CONVERSION = YES;
				CLANG_WARN_DEPRECATED_OBJC_IMPLEMENTATIONS = YES;
				CLANG_WARN_DIRECT_OBJC_ISA_USAGE = YES_ERROR;
				CLANG_WARN_DOCUMENTATION_COMMENTS = YES;
				CLANG_WARN_EMPTY_BODY = YES;
				CLANG_WARN_ENUM_CONVERSION = YES;
				CLANG_WARN_INFINITE_RECURSION = YES;
				CLANG_WARN_INT_CONVERSION = YES;
				CLANG_WARN_NON_LITERAL_NULL_CONVERSION = YES;
				CLANG_WARN_OBJC_IMPLICIT_RETAIN_SELF = YES;
				CLANG_WARN_OBJC_LITERAL_CONVERSION = YES;
				CLANG_WARN_OBJC_ROOT_CLASS = YES_ERROR;
				CLANG_WARN_QUOTED_INCLUDE_IN_FRAMEWORK_HEADER = YES;
				CLANG_WARN_RANGE_LOOP_ANALYSIS = YES;
				CLANG_WARN_STRICT_PROTOTYPES = YES;
				CLANG_WARN_SUSPICIOUS_MOVE = YES;
				CLANG_WARN_UNGUARDED_AVAILABILITY = YES_AGGRESSIVE;
				CLANG_WARN_UNREACHABLE_CODE = YES;
				CLANG_WARN__DUPLICATE_METHOD_MATCH = YES;
				COPY_PHASE_STRIP = NO;
				DEBUG_INFORMATION_FORMAT = "dwarf-with-dsym";
				ENABLE_NS_ASSERTIONS = NO;
				ENABLE_STRICT_OBJC_MSGSEND = YES;
				GCC_C_LANGUAGE_STANDARD = gnu11;
				GCC_NO_COMMON_BLOCKS = YES;
				GCC_WARN_64_TO_32_BIT_CONVERSION = YES;
				GCC_WARN_ABOUT_RETURN_TYPE = YES_ERROR;
				GCC_WARN_UNDECLARED_SELECTOR = YES;
				GCC_WARN_UNINITIALIZED_AUTOS = YES_AGGRESSIVE;
				GCC_WARN_UNUSED_FUNCTION = YES;
				GCC_WARN_UNUSED_VARIABLE = YES;
				IPHONEOS_DEPLOYMENT_TARGET = 15.0;
				MTL_ENABLE_DEBUG_INFO = NO;
				MTL_FAST_MATH = YES;
				SDKROOT = iphoneos;
				SWIFT_COMPILATION_MODE = wholemodule;
				SWIFT_OPTIMIZATION_LEVEL = "-O";
				VALIDATE_PRODUCT = YES;
			};
			name = Release;
		};
		3E4F365E271B04B3004D7F52 /* Debug */ = {
			isa = XCBuildConfiguration;
			baseConfigurationReference = 09E5E5B78E032DF6A3E1F9B2 /* Pods-ImageSlideShow_Tutorial.debug.xcconfig */;
			buildSettings = {
				ASSETCATALOG_COMPILER_APPICON_NAME = AppIcon;
				ASSETCATALOG_COMPILER_GLOBAL_ACCENT_COLOR_NAME = AccentColor;
				CODE_SIGN_STYLE = Automatic;
				CURRENT_PROJECT_VERSION = 1;
				DEVELOPMENT_TEAM = BR8CN8N4Y6;
				GENERATE_INFOPLIST_FILE = YES;
				INFOPLIST_FILE = ImageSlideShow_Tutorial/Info.plist;
				INFOPLIST_KEY_UIApplicationSupportsIndirectInputEvents = YES;
				INFOPLIST_KEY_UILaunchStoryboardName = LaunchScreen;
				INFOPLIST_KEY_UIMainStoryboardFile = Main;
				INFOPLIST_KEY_UISupportedInterfaceOrientations_iPad = "UIInterfaceOrientationPortrait UIInterfaceOrientationPortraitUpsideDown UIInterfaceOrientationLandscapeLeft UIInterfaceOrientationLandscapeRight";
				INFOPLIST_KEY_UISupportedInterfaceOrientations_iPhone = "UIInterfaceOrientationPortrait UIInterfaceOrientationLandscapeLeft UIInterfaceOrientationLandscapeRight";
				LD_RUNPATH_SEARCH_PATHS = (
					"$(inherited)",
					"@executable_path/Frameworks",
				);
				MARKETING_VERSION = 1.0;
				PRODUCT_BUNDLE_IDENTIFIER = "com.SeongMinK.ImageSlideShow-Tutorial";
				PRODUCT_NAME = "$(TARGET_NAME)";
				SWIFT_EMIT_LOC_STRINGS = YES;
				SWIFT_VERSION = 5.0;
				TARGETED_DEVICE_FAMILY = "1,2";
			};
			name = Debug;
		};
		3E4F365F271B04B3004D7F52 /* Release */ = {
			isa = XCBuildConfiguration;
			baseConfigurationReference = 1568BB82DD423839E4FF7C2C /* Pods-ImageSlideShow_Tutorial.release.xcconfig */;
			buildSettings = {
				ASSETCATALOG_COMPILER_APPICON_NAME = AppIcon;
				ASSETCATALOG_COMPILER_GLOBAL_ACCENT_COLOR_NAME = AccentColor;
				CODE_SIGN_STYLE = Automatic;
				CURRENT_PROJECT_VERSION = 1;
				DEVELOPMENT_TEAM = BR8CN8N4Y6;
				GENERATE_INFOPLIST_FILE = YES;
				INFOPLIST_FILE = ImageSlideShow_Tutorial/Info.plist;
				INFOPLIST_KEY_UIApplicationSupportsIndirectInputEvents = YES;
				INFOPLIST_KEY_UILaunchStoryboardName = LaunchScreen;
				INFOPLIST_KEY_UIMainStoryboardFile = Main;
				INFOPLIST_KEY_UISupportedInterfaceOrientations_iPad = "UIInterfaceOrientationPortrait UIInterfaceOrientationPortraitUpsideDown UIInterfaceOrientationLandscapeLeft UIInterfaceOrientationLandscapeRight";
				INFOPLIST_KEY_UISupportedInterfaceOrientations_iPhone = "UIInterfaceOrientationPortrait UIInterfaceOrientationLandscapeLeft UIInterfaceOrientationLandscapeRight";
				LD_RUNPATH_SEARCH_PATHS = (
					"$(inherited)",
					"@executable_path/Frameworks",
				);
				MARKETING_VERSION = 1.0;
				PRODUCT_BUNDLE_IDENTIFIER = "com.SeongMinK.ImageSlideShow-Tutorial";
				PRODUCT_NAME = "$(TARGET_NAME)";
				SWIFT_EMIT_LOC_STRINGS = YES;
				SWIFT_VERSION = 5.0;
				TARGETED_DEVICE_FAMILY = "1,2";
			};
			name = Release;
		};
/* End XCBuildConfiguration section */

/* Begin XCConfigurationList section */
		3E4F3644271B04B2004D7F52 /* Build configuration list for PBXProject "ImageSlideShow_Tutorial" */ = {
			isa = XCConfigurationList;
			buildConfigurations = (
				3E4F365B271B04B3004D7F52 /* Debug */,
				3E4F365C271B04B3004D7F52 /* Release */,
			);
			defaultConfigurationIsVisible = 0;
			defaultConfigurationName = Release;
		};
		3E4F365D271B04B3004D7F52 /* Build configuration list for PBXNativeTarget "ImageSlideShow_Tutorial" */ = {
			isa = XCConfigurationList;
			buildConfigurations = (
				3E4F365E271B04B3004D7F52 /* Debug */,
				3E4F365F271B04B3004D7F52 /* Release */,
			);
			defaultConfigurationIsVisible = 0;
			defaultConfigurationName = Release;
		};
/* End XCConfigurationList section */
	};
	rootObject = 3E4F3641271B04B2004D7F52 /* Project object */;
}
